// !$*UTF8*$!
{
	archiveVersion = 1;
	classes = {
	};
	objectVersion = 55;
	objects = {

/* Begin PBXBuildFile section */
		2FFE6012CA0F73D021C0756E /* Pods_majorBookProject.framework in Frameworks */ = {isa = PBXBuildFile; fileRef = 407F70D45778683F856A5859 /* Pods_majorBookProject.framework */; };
		506D0F689596CEA937685E4B /* Pods_majorBookProject.framework in Frameworks */ = {isa = PBXBuildFile; fileRef = F9CCBD7DAFAD8004DF137025 /* Pods_majorBookProject.framework */; };
		7E02D5AA29A8B77C00BEBF21 /* Service.swift in Sources */ = {isa = PBXBuildFile; fileRef = 7E02D5A929A8B77C00BEBF21 /* Service.swift */; };
		7E02D5AC29A8B9B400BEBF21 /* NotLoginVC.swift in Sources */ = {isa = PBXBuildFile; fileRef = 7E02D5AB29A8B9B400BEBF21 /* NotLoginVC.swift */; };
		7E02D5AE29A8DCB000BEBF21 /* Request.swift in Sources */ = {isa = PBXBuildFile; fileRef = 7E02D5AD29A8DCB000BEBF21 /* Request.swift */; };
		7E5ABB5E299A375800075740 /* PreferencesVC.swift in Sources */ = {isa = PBXBuildFile; fileRef = 7E5ABB5D299A375800075740 /* PreferencesVC.swift */; };
		7E5ABB60299A3B8B00075740 /* preferCell.swift in Sources */ = {isa = PBXBuildFile; fileRef = 7E5ABB5F299A3B8B00075740 /* preferCell.swift */; };
		7E5ABB62299A5A7C00075740 /* BookMarkVC.swift in Sources */ = {isa = PBXBuildFile; fileRef = 7E5ABB61299A5A7C00075740 /* BookMarkVC.swift */; };
		7E5ABB64299B801100075740 /* bookmarkCell.swift in Sources */ = {isa = PBXBuildFile; fileRef = 7E5ABB63299B801100075740 /* bookmarkCell.swift */; };
		7E5ABB67299B814700075740 /* Model.swift in Sources */ = {isa = PBXBuildFile; fileRef = 7E5ABB66299B814700075740 /* Model.swift */; };
		7E5D93CD29A22C1A00A17127 /* expandableCell.swift in Sources */ = {isa = PBXBuildFile; fileRef = 7E5D93CC29A22C1A00A17127 /* expandableCell.swift */; };
		7E5D93CF29A22DFD00A17127 /* SavingBookMarkVC.swift in Sources */ = {isa = PBXBuildFile; fileRef = 7E5D93CE29A22DFD00A17127 /* SavingBookMarkVC.swift */; };
		7E6FDB1B298FBC46006775B0 /* mainCell.swift in Sources */ = {isa = PBXBuildFile; fileRef = 7E6FDB1A298FBC46006775B0 /* mainCell.swift */; };
		7E6FDB26298FC465006775B0 /* Pretendard-Regular.otf in Resources */ = {isa = PBXBuildFile; fileRef = 7E6FDB1D298FC465006775B0 /* Pretendard-Regular.otf */; };
		7E6FDB27298FC465006775B0 /* Pretendard-ExtraLight.otf in Resources */ = {isa = PBXBuildFile; fileRef = 7E6FDB1E298FC465006775B0 /* Pretendard-ExtraLight.otf */; };
		7E6FDB28298FC465006775B0 /* Pretendard-ExtraBold.otf in Resources */ = {isa = PBXBuildFile; fileRef = 7E6FDB1F298FC465006775B0 /* Pretendard-ExtraBold.otf */; };
		7E6FDB29298FC465006775B0 /* Pretendard-Black.otf in Resources */ = {isa = PBXBuildFile; fileRef = 7E6FDB20298FC465006775B0 /* Pretendard-Black.otf */; };
		7E6FDB2A298FC465006775B0 /* Pretendard-Light.otf in Resources */ = {isa = PBXBuildFile; fileRef = 7E6FDB21298FC465006775B0 /* Pretendard-Light.otf */; };
		7E6FDB2B298FC465006775B0 /* Pretendard-Medium.otf in Resources */ = {isa = PBXBuildFile; fileRef = 7E6FDB22298FC465006775B0 /* Pretendard-Medium.otf */; };
		7E6FDB2C298FC465006775B0 /* Pretendard-SemiBold.otf in Resources */ = {isa = PBXBuildFile; fileRef = 7E6FDB23298FC465006775B0 /* Pretendard-SemiBold.otf */; };
		7E6FDB2D298FC465006775B0 /* Pretendard-Thin.otf in Resources */ = {isa = PBXBuildFile; fileRef = 7E6FDB24298FC465006775B0 /* Pretendard-Thin.otf */; };
		7E6FDB2E298FC465006775B0 /* Pretendard-Bold.otf in Resources */ = {isa = PBXBuildFile; fileRef = 7E6FDB25298FC465006775B0 /* Pretendard-Bold.otf */; };
		7E6FDB3129901836006775B0 /* TextFieldExtension++.swift in Sources */ = {isa = PBXBuildFile; fileRef = 7E6FDB3029901836006775B0 /* TextFieldExtension++.swift */; };
		7E6FDB3329901851006775B0 /* TextFieldExtension.swift in Sources */ = {isa = PBXBuildFile; fileRef = 7E6FDB3229901851006775B0 /* TextFieldExtension.swift */; };
		7E6FDB352990189E006775B0 /* JoinDoneVC.swift in Sources */ = {isa = PBXBuildFile; fileRef = 7E6FDB342990189E006775B0 /* JoinDoneVC.swift */; };
		7E6FDB37299018C5006775B0 /* JoinVC.swift in Sources */ = {isa = PBXBuildFile; fileRef = 7E6FDB36299018C5006775B0 /* JoinVC.swift */; };
		7E76D9E42992649100A485EB /* colorSet.swift in Sources */ = {isa = PBXBuildFile; fileRef = 7E76D9E32992649100A485EB /* colorSet.swift */; };
		7E76D9E629979EB100A485EB /* BookInfoVC.swift in Sources */ = {isa = PBXBuildFile; fileRef = 7E76D9E529979EB100A485EB /* BookInfoVC.swift */; };
		7EE17E01298D6610006CF871 /* AppDelegate.swift in Sources */ = {isa = PBXBuildFile; fileRef = 7EE17E00298D6610006CF871 /* AppDelegate.swift */; };
		7EE17E03298D6610006CF871 /* SceneDelegate.swift in Sources */ = {isa = PBXBuildFile; fileRef = 7EE17E02298D6610006CF871 /* SceneDelegate.swift */; };
		7EE17E0A298D6611006CF871 /* Assets.xcassets in Resources */ = {isa = PBXBuildFile; fileRef = 7EE17E09298D6611006CF871 /* Assets.xcassets */; };
		7EE17E0D298D6611006CF871 /* LaunchScreen.storyboard in Resources */ = {isa = PBXBuildFile; fileRef = 7EE17E0B298D6611006CF871 /* LaunchScreen.storyboard */; };
		7EE17E17298D6659006CF871 /* previewExtension.swift in Sources */ = {isa = PBXBuildFile; fileRef = 7EE17E16298D6659006CF871 /* previewExtension.swift */; };
		7EE17E19298D666A006CF871 /* LoginVC.swift in Sources */ = {isa = PBXBuildFile; fileRef = 7EE17E18298D666A006CF871 /* LoginVC.swift */; };
		7EE17E1B298D667C006CF871 /* MainVC.swift in Sources */ = {isa = PBXBuildFile; fileRef = 7EE17E1A298D667C006CF871 /* MainVC.swift */; };
/* End PBXBuildFile section */

/* Begin PBXFileReference section */
		2AA1E644AD4D6D9AAE12920F /* Pods-majorBookProject.release.xcconfig */ = {isa = PBXFileReference; includeInIndex = 1; lastKnownFileType = text.xcconfig; name = "Pods-majorBookProject.release.xcconfig"; path = "Target Support Files/Pods-majorBookProject/Pods-majorBookProject.release.xcconfig"; sourceTree = "<group>"; };
		407F70D45778683F856A5859 /* Pods_majorBookProject.framework */ = {isa = PBXFileReference; explicitFileType = wrapper.framework; includeInIndex = 0; name = Pods_majorBookProject.framework; path = "../Debug-iphonesimulator/Pods_majorBookProject.framework"; sourceTree = BUILT_PRODUCTS_DIR; };
		437777A280964F6F9A48760F /* Pods-majorBookProject.debug.xcconfig */ = {isa = PBXFileReference; includeInIndex = 1; lastKnownFileType = text.xcconfig; name = "Pods-majorBookProject.debug.xcconfig"; path = "Target Support Files/Pods-majorBookProject/Pods-majorBookProject.debug.xcconfig"; sourceTree = "<group>"; };
		7E02D5A929A8B77C00BEBF21 /* Service.swift */ = {isa = PBXFileReference; lastKnownFileType = sourcecode.swift; path = Service.swift; sourceTree = "<group>"; };
		7E02D5AB29A8B9B400BEBF21 /* NotLoginVC.swift */ = {isa = PBXFileReference; lastKnownFileType = sourcecode.swift; path = NotLoginVC.swift; sourceTree = "<group>"; };
		7E02D5AD29A8DCB000BEBF21 /* Request.swift */ = {isa = PBXFileReference; lastKnownFileType = sourcecode.swift; path = Request.swift; sourceTree = "<group>"; };
		7E5ABB5D299A375800075740 /* PreferencesVC.swift */ = {isa = PBXFileReference; lastKnownFileType = sourcecode.swift; path = PreferencesVC.swift; sourceTree = "<group>"; };
		7E5ABB5F299A3B8B00075740 /* preferCell.swift */ = {isa = PBXFileReference; lastKnownFileType = sourcecode.swift; path = preferCell.swift; sourceTree = "<group>"; };
		7E5ABB61299A5A7C00075740 /* BookMarkVC.swift */ = {isa = PBXFileReference; lastKnownFileType = sourcecode.swift; path = BookMarkVC.swift; sourceTree = "<group>"; };
		7E5ABB63299B801100075740 /* bookmarkCell.swift */ = {isa = PBXFileReference; lastKnownFileType = sourcecode.swift; path = bookmarkCell.swift; sourceTree = "<group>"; };
		7E5ABB66299B814700075740 /* Model.swift */ = {isa = PBXFileReference; lastKnownFileType = sourcecode.swift; path = Model.swift; sourceTree = "<group>"; };
		7E5D93CC29A22C1A00A17127 /* expandableCell.swift */ = {isa = PBXFileReference; lastKnownFileType = sourcecode.swift; path = expandableCell.swift; sourceTree = "<group>"; };
		7E5D93CE29A22DFD00A17127 /* SavingBookMarkVC.swift */ = {isa = PBXFileReference; lastKnownFileType = sourcecode.swift; path = SavingBookMarkVC.swift; sourceTree = "<group>"; };
		7E6FDB1A298FBC46006775B0 /* mainCell.swift */ = {isa = PBXFileReference; lastKnownFileType = sourcecode.swift; path = mainCell.swift; sourceTree = "<group>"; };
		7E6FDB1D298FC465006775B0 /* Pretendard-Regular.otf */ = {isa = PBXFileReference; lastKnownFileType = file; path = "Pretendard-Regular.otf"; sourceTree = "<group>"; };
		7E6FDB1E298FC465006775B0 /* Pretendard-ExtraLight.otf */ = {isa = PBXFileReference; lastKnownFileType = file; path = "Pretendard-ExtraLight.otf"; sourceTree = "<group>"; };
		7E6FDB1F298FC465006775B0 /* Pretendard-ExtraBold.otf */ = {isa = PBXFileReference; lastKnownFileType = file; path = "Pretendard-ExtraBold.otf"; sourceTree = "<group>"; };
		7E6FDB20298FC465006775B0 /* Pretendard-Black.otf */ = {isa = PBXFileReference; lastKnownFileType = file; path = "Pretendard-Black.otf"; sourceTree = "<group>"; };
		7E6FDB21298FC465006775B0 /* Pretendard-Light.otf */ = {isa = PBXFileReference; lastKnownFileType = file; path = "Pretendard-Light.otf"; sourceTree = "<group>"; };
		7E6FDB22298FC465006775B0 /* Pretendard-Medium.otf */ = {isa = PBXFileReference; lastKnownFileType = file; path = "Pretendard-Medium.otf"; sourceTree = "<group>"; };
		7E6FDB23298FC465006775B0 /* Pretendard-SemiBold.otf */ = {isa = PBXFileReference; lastKnownFileType = file; path = "Pretendard-SemiBold.otf"; sourceTree = "<group>"; };
		7E6FDB24298FC465006775B0 /* Pretendard-Thin.otf */ = {isa = PBXFileReference; lastKnownFileType = file; path = "Pretendard-Thin.otf"; sourceTree = "<group>"; };
		7E6FDB25298FC465006775B0 /* Pretendard-Bold.otf */ = {isa = PBXFileReference; lastKnownFileType = file; path = "Pretendard-Bold.otf"; sourceTree = "<group>"; };
		7E6FDB3029901836006775B0 /* TextFieldExtension++.swift */ = {isa = PBXFileReference; lastKnownFileType = sourcecode.swift; path = "TextFieldExtension++.swift"; sourceTree = "<group>"; };
		7E6FDB3229901851006775B0 /* TextFieldExtension.swift */ = {isa = PBXFileReference; lastKnownFileType = sourcecode.swift; path = TextFieldExtension.swift; sourceTree = "<group>"; };
		7E6FDB342990189E006775B0 /* JoinDoneVC.swift */ = {isa = PBXFileReference; lastKnownFileType = sourcecode.swift; path = JoinDoneVC.swift; sourceTree = "<group>"; };
		7E6FDB36299018C5006775B0 /* JoinVC.swift */ = {isa = PBXFileReference; lastKnownFileType = sourcecode.swift; path = JoinVC.swift; sourceTree = "<group>"; };
		7E76D9E32992649100A485EB /* colorSet.swift */ = {isa = PBXFileReference; lastKnownFileType = sourcecode.swift; path = colorSet.swift; sourceTree = "<group>"; };
		7E76D9E529979EB100A485EB /* BookInfoVC.swift */ = {isa = PBXFileReference; lastKnownFileType = sourcecode.swift; path = BookInfoVC.swift; sourceTree = "<group>"; };
		7EE17DFD298D6610006CF871 /* majorBookProject.app */ = {isa = PBXFileReference; explicitFileType = wrapper.application; includeInIndex = 0; path = majorBookProject.app; sourceTree = BUILT_PRODUCTS_DIR; };
		7EE17E00298D6610006CF871 /* AppDelegate.swift */ = {isa = PBXFileReference; lastKnownFileType = sourcecode.swift; path = AppDelegate.swift; sourceTree = "<group>"; };
		7EE17E02298D6610006CF871 /* SceneDelegate.swift */ = {isa = PBXFileReference; lastKnownFileType = sourcecode.swift; path = SceneDelegate.swift; sourceTree = "<group>"; };
		7EE17E09298D6611006CF871 /* Assets.xcassets */ = {isa = PBXFileReference; lastKnownFileType = folder.assetcatalog; path = Assets.xcassets; sourceTree = "<group>"; };
		7EE17E0C298D6611006CF871 /* Base */ = {isa = PBXFileReference; lastKnownFileType = file.storyboard; name = Base; path = Base.lproj/LaunchScreen.storyboard; sourceTree = "<group>"; };
		7EE17E0E298D6611006CF871 /* Info.plist */ = {isa = PBXFileReference; lastKnownFileType = text.plist.xml; path = Info.plist; sourceTree = "<group>"; };
		7EE17E16298D6659006CF871 /* previewExtension.swift */ = {isa = PBXFileReference; lastKnownFileType = sourcecode.swift; path = previewExtension.swift; sourceTree = "<group>"; };
		7EE17E18298D666A006CF871 /* LoginVC.swift */ = {isa = PBXFileReference; lastKnownFileType = sourcecode.swift; path = LoginVC.swift; sourceTree = "<group>"; };
		7EE17E1A298D667C006CF871 /* MainVC.swift */ = {isa = PBXFileReference; lastKnownFileType = sourcecode.swift; path = MainVC.swift; sourceTree = "<group>"; };
		F9CCBD7DAFAD8004DF137025 /* Pods_majorBookProject.framework */ = {isa = PBXFileReference; explicitFileType = wrapper.framework; includeInIndex = 0; path = Pods_majorBookProject.framework; sourceTree = BUILT_PRODUCTS_DIR; };
/* End PBXFileReference section */

/* Begin PBXFrameworksBuildPhase section */
		7EE17DFA298D6610006CF871 /* Frameworks */ = {
			isa = PBXFrameworksBuildPhase;
			buildActionMask = 2147483647;
			files = (
				2FFE6012CA0F73D021C0756E /* Pods_majorBookProject.framework in Frameworks */,
				506D0F689596CEA937685E4B /* Pods_majorBookProject.framework in Frameworks */,
			);
			runOnlyForDeploymentPostprocessing = 0;
		};
/* End PBXFrameworksBuildPhase section */

/* Begin PBXGroup section */
		5435C4A3E852D2725E81B5B8 /* Pods */ = {
			isa = PBXGroup;
			children = (
				437777A280964F6F9A48760F /* Pods-majorBookProject.debug.xcconfig */,
				2AA1E644AD4D6D9AAE12920F /* Pods-majorBookProject.release.xcconfig */,
			);
			path = Pods;
			sourceTree = "<group>";
		};
		7E02D5A829A8B76D00BEBF21 /* Networking */ = {
			isa = PBXGroup;
			children = (
				7E02D5A929A8B77C00BEBF21 /* Service.swift */,
				7E02D5AD29A8DCB000BEBF21 /* Request.swift */,
			);
			path = Networking;
			sourceTree = "<group>";
		};
		7E5ABB65299B813300075740 /* Model */ = {
			isa = PBXGroup;
			children = (
				7E76D9E32992649100A485EB /* colorSet.swift */,
				7E5ABB66299B814700075740 /* Model.swift */,
			);
			path = Model;
			sourceTree = "<group>";
		};
		7E60FCD0299177DB000FAFCA /* Cell */ = {
			isa = PBXGroup;
			children = (
				7E6FDB1A298FBC46006775B0 /* mainCell.swift */,
				7E5ABB5F299A3B8B00075740 /* preferCell.swift */,
				7E5ABB63299B801100075740 /* bookmarkCell.swift */,
				7E5D93CC29A22C1A00A17127 /* expandableCell.swift */,
			);
			path = Cell;
			sourceTree = "<group>";
		};
		7E6FDB1C298FC3F8006775B0 /* Fonts */ = {
			isa = PBXGroup;
			children = (
				7E6FDB20298FC465006775B0 /* Pretendard-Black.otf */,
				7E6FDB25298FC465006775B0 /* Pretendard-Bold.otf */,
				7E6FDB1F298FC465006775B0 /* Pretendard-ExtraBold.otf */,
				7E6FDB1E298FC465006775B0 /* Pretendard-ExtraLight.otf */,
				7E6FDB21298FC465006775B0 /* Pretendard-Light.otf */,
				7E6FDB22298FC465006775B0 /* Pretendard-Medium.otf */,
				7E6FDB1D298FC465006775B0 /* Pretendard-Regular.otf */,
				7E6FDB23298FC465006775B0 /* Pretendard-SemiBold.otf */,
				7E6FDB24298FC465006775B0 /* Pretendard-Thin.otf */,
			);
			path = Fonts;
			sourceTree = "<group>";
		};
		7E6FDB2F29901819006775B0 /* j_Extension */ = {
			isa = PBXGroup;
			children = (
				7E6FDB3029901836006775B0 /* TextFieldExtension++.swift */,
				7E6FDB3229901851006775B0 /* TextFieldExtension.swift */,
			);
			path = j_Extension;
			sourceTree = "<group>";
		};
		7EE17DF4298D6610006CF871 = {
			isa = PBXGroup;
			children = (
				7EE17DFF298D6610006CF871 /* majorBookProject */,
				7EE17DFE298D6610006CF871 /* Products */,
				5435C4A3E852D2725E81B5B8 /* Pods */,
				E1268297E1458C2B056A39D4 /* Frameworks */,
			);
			sourceTree = "<group>";
		};
		7EE17DFE298D6610006CF871 /* Products */ = {
			isa = PBXGroup;
			children = (
				7EE17DFD298D6610006CF871 /* majorBookProject.app */,
			);
			name = Products;
			sourceTree = "<group>";
		};
		7EE17DFF298D6610006CF871 /* majorBookProject */ = {
			isa = PBXGroup;
			children = (
				7E02D5A829A8B76D00BEBF21 /* Networking */,
				7E5ABB65299B813300075740 /* Model */,
				7E60FCD0299177DB000FAFCA /* Cell */,
				7E6FDB2F29901819006775B0 /* j_Extension */,
				7E6FDB1C298FC3F8006775B0 /* Fonts */,
				7EE17E15298D664A006CF871 /* Extension */,
				7EE17E14298D6645006CF871 /* VC */,
				7EE17E00298D6610006CF871 /* AppDelegate.swift */,
				7EE17E02298D6610006CF871 /* SceneDelegate.swift */,
				7EE17E09298D6611006CF871 /* Assets.xcassets */,
				7EE17E0B298D6611006CF871 /* LaunchScreen.storyboard */,
				7EE17E0E298D6611006CF871 /* Info.plist */,
			);
			path = majorBookProject;
			sourceTree = "<group>";
		};
		7EE17E14298D6645006CF871 /* VC */ = {
			isa = PBXGroup;
			children = (
				7EE17E18298D666A006CF871 /* LoginVC.swift */,
				7EE17E1A298D667C006CF871 /* MainVC.swift */,
				7E6FDB342990189E006775B0 /* JoinDoneVC.swift */,
				7E6FDB36299018C5006775B0 /* JoinVC.swift */,
				7E76D9E529979EB100A485EB /* BookInfoVC.swift */,
				7E5ABB5D299A375800075740 /* PreferencesVC.swift */,
				7E5ABB61299A5A7C00075740 /* BookMarkVC.swift */,
				7E5D93CE29A22DFD00A17127 /* SavingBookMarkVC.swift */,
				7E02D5AB29A8B9B400BEBF21 /* NotLoginVC.swift */,
			);
			path = VC;
			sourceTree = "<group>";
		};
		7EE17E15298D664A006CF871 /* Extension */ = {
			isa = PBXGroup;
			children = (
				7EE17E16298D6659006CF871 /* previewExtension.swift */,
			);
			path = Extension;
			sourceTree = "<group>";
		};
		E1268297E1458C2B056A39D4 /* Frameworks */ = {
			isa = PBXGroup;
			children = (
				407F70D45778683F856A5859 /* Pods_majorBookProject.framework */,
				F9CCBD7DAFAD8004DF137025 /* Pods_majorBookProject.framework */,
			);
			name = Frameworks;
			sourceTree = "<group>";
		};
/* End PBXGroup section */

/* Begin PBXNativeTarget section */
		7EE17DFC298D6610006CF871 /* majorBookProject */ = {
			isa = PBXNativeTarget;
			buildConfigurationList = 7EE17E11298D6611006CF871 /* Build configuration list for PBXNativeTarget "majorBookProject" */;
			buildPhases = (
				AFF0192BADC93F421DB7FD21 /* [CP] Check Pods Manifest.lock */,
				7EE17DF9298D6610006CF871 /* Sources */,
				7EE17DFA298D6610006CF871 /* Frameworks */,
				7EE17DFB298D6610006CF871 /* Resources */,
				28A16D857B78BEFA4196FA93 /* [CP] Embed Pods Frameworks */,
			);
			buildRules = (
			);
			dependencies = (
			);
			name = majorBookProject;
			productName = majorBookProject;
			productReference = 7EE17DFD298D6610006CF871 /* majorBookProject.app */;
			productType = "com.apple.product-type.application";
		};
/* End PBXNativeTarget section */

/* Begin PBXProject section */
		7EE17DF5298D6610006CF871 /* Project object */ = {
			isa = PBXProject;
			attributes = {
				BuildIndependentTargetsInParallel = 1;
				LastSwiftUpdateCheck = 1330;
				LastUpgradeCheck = 1330;
				TargetAttributes = {
					7EE17DFC298D6610006CF871 = {
						CreatedOnToolsVersion = 13.3.1;
					};
				};
			};
			buildConfigurationList = 7EE17DF8298D6610006CF871 /* Build configuration list for PBXProject "majorBookProject" */;
			compatibilityVersion = "Xcode 13.0";
			developmentRegion = en;
			hasScannedForEncodings = 0;
			knownRegions = (
				en,
				Base,
			);
			mainGroup = 7EE17DF4298D6610006CF871;
			productRefGroup = 7EE17DFE298D6610006CF871 /* Products */;
			projectDirPath = "";
			projectRoot = "";
			targets = (
				7EE17DFC298D6610006CF871 /* majorBookProject */,
			);
		};
/* End PBXProject section */

/* Begin PBXResourcesBuildPhase section */
		7EE17DFB298D6610006CF871 /* Resources */ = {
			isa = PBXResourcesBuildPhase;
			buildActionMask = 2147483647;
			files = (
				7EE17E0D298D6611006CF871 /* LaunchScreen.storyboard in Resources */,
				7E6FDB2E298FC465006775B0 /* Pretendard-Bold.otf in Resources */,
				7E6FDB2A298FC465006775B0 /* Pretendard-Light.otf in Resources */,
				7E6FDB26298FC465006775B0 /* Pretendard-Regular.otf in Resources */,
				7E6FDB28298FC465006775B0 /* Pretendard-ExtraBold.otf in Resources */,
				7E6FDB27298FC465006775B0 /* Pretendard-ExtraLight.otf in Resources */,
				7EE17E0A298D6611006CF871 /* Assets.xcassets in Resources */,
				7E6FDB29298FC465006775B0 /* Pretendard-Black.otf in Resources */,
				7E6FDB2C298FC465006775B0 /* Pretendard-SemiBold.otf in Resources */,
				7E6FDB2D298FC465006775B0 /* Pretendard-Thin.otf in Resources */,
				7E6FDB2B298FC465006775B0 /* Pretendard-Medium.otf in Resources */,
			);
			runOnlyForDeploymentPostprocessing = 0;
		};
/* End PBXResourcesBuildPhase section */

/* Begin PBXShellScriptBuildPhase section */
		28A16D857B78BEFA4196FA93 /* [CP] Embed Pods Frameworks */ = {
			isa = PBXShellScriptBuildPhase;
			buildActionMask = 2147483647;
			files = (
			);
			inputFileListPaths = (
				"${PODS_ROOT}/Target Support Files/Pods-majorBookProject/Pods-majorBookProject-frameworks-${CONFIGURATION}-input-files.xcfilelist",
			);
			name = "[CP] Embed Pods Frameworks";
			outputFileListPaths = (
				"${PODS_ROOT}/Target Support Files/Pods-majorBookProject/Pods-majorBookProject-frameworks-${CONFIGURATION}-output-files.xcfilelist",
			);
			runOnlyForDeploymentPostprocessing = 0;
			shellPath = /bin/sh;
			shellScript = "\"${PODS_ROOT}/Target Support Files/Pods-majorBookProject/Pods-majorBookProject-frameworks.sh\"\n";
			showEnvVarsInLog = 0;
		};
		AFF0192BADC93F421DB7FD21 /* [CP] Check Pods Manifest.lock */ = {
			isa = PBXShellScriptBuildPhase;
			buildActionMask = 2147483647;
			files = (
			);
			inputFileListPaths = (
			);
			inputPaths = (
				"${PODS_PODFILE_DIR_PATH}/Podfile.lock",
				"${PODS_ROOT}/Manifest.lock",
			);
			name = "[CP] Check Pods Manifest.lock";
			outputFileListPaths = (
			);
			outputPaths = (
				"$(DERIVED_FILE_DIR)/Pods-majorBookProject-checkManifestLockResult.txt",
			);
			runOnlyForDeploymentPostprocessing = 0;
			shellPath = /bin/sh;
			shellScript = "diff \"${PODS_PODFILE_DIR_PATH}/Podfile.lock\" \"${PODS_ROOT}/Manifest.lock\" > /dev/null\nif [ $? != 0 ] ; then\n    # print error to STDERR\n    echo \"error: The sandbox is not in sync with the Podfile.lock. Run 'pod install' or update your CocoaPods installation.\" >&2\n    exit 1\nfi\n# This output is used by Xcode 'outputs' to avoid re-running this script phase.\necho \"SUCCESS\" > \"${SCRIPT_OUTPUT_FILE_0}\"\n";
			showEnvVarsInLog = 0;
		};
/* End PBXShellScriptBuildPhase section */

/* Begin PBXSourcesBuildPhase section */
		7EE17DF9298D6610006CF871 /* Sources */ = {
			isa = PBXSourcesBuildPhase;
			buildActionMask = 2147483647;
			files = (
				7E6FDB1B298FBC46006775B0 /* mainCell.swift in Sources */,
				7E02D5AE29A8DCB000BEBF21 /* Request.swift in Sources */,
				7E6FDB3329901851006775B0 /* TextFieldExtension.swift in Sources */,
				7E6FDB3129901836006775B0 /* TextFieldExtension++.swift in Sources */,
				7E5ABB64299B801100075740 /* bookmarkCell.swift in Sources */,
				7E5ABB62299A5A7C00075740 /* BookMarkVC.swift in Sources */,
				7E5D93CF29A22DFD00A17127 /* SavingBookMarkVC.swift in Sources */,
				7E02D5AC29A8B9B400BEBF21 /* NotLoginVC.swift in Sources */,
				7EE17E01298D6610006CF871 /* AppDelegate.swift in Sources */,
				7E6FDB37299018C5006775B0 /* JoinVC.swift in Sources */,
				7EE17E1B298D667C006CF871 /* MainVC.swift in Sources */,
				7E5ABB60299A3B8B00075740 /* preferCell.swift in Sources */,
				7EE17E03298D6610006CF871 /* SceneDelegate.swift in Sources */,
				7E6FDB352990189E006775B0 /* JoinDoneVC.swift in Sources */,
				7E76D9E42992649100A485EB /* colorSet.swift in Sources */,
				7E5ABB67299B814700075740 /* Model.swift in Sources */,
				7E5ABB5E299A375800075740 /* PreferencesVC.swift in Sources */,
				7EE17E19298D666A006CF871 /* LoginVC.swift in Sources */,
				7EE17E17298D6659006CF871 /* previewExtension.swift in Sources */,
				7E02D5AA29A8B77C00BEBF21 /* Service.swift in Sources */,
				7E76D9E629979EB100A485EB /* BookInfoVC.swift in Sources */,
				7E5D93CD29A22C1A00A17127 /* expandableCell.swift in Sources */,
			);
			runOnlyForDeploymentPostprocessing = 0;
		};
/* End PBXSourcesBuildPhase section */

/* Begin PBXVariantGroup section */
		7EE17E0B298D6611006CF871 /* LaunchScreen.storyboard */ = {
			isa = PBXVariantGroup;
			children = (
				7EE17E0C298D6611006CF871 /* Base */,
			);
			name = LaunchScreen.storyboard;
			sourceTree = "<group>";
		};
/* End PBXVariantGroup section */

/* Begin XCBuildConfiguration section */
		7EE17E0F298D6611006CF871 /* Debug */ = {
			isa = XCBuildConfiguration;
			buildSettings = {
				ALWAYS_SEARCH_USER_PATHS = NO;
				CLANG_ANALYZER_NONNULL = YES;
				CLANG_ANALYZER_NUMBER_OBJECT_CONVERSION = YES_AGGRESSIVE;
				CLANG_CXX_LANGUAGE_STANDARD = "gnu++17";
				CLANG_ENABLE_MODULES = YES;
				CLANG_ENABLE_OBJC_ARC = YES;
				CLANG_ENABLE_OBJC_WEAK = YES;
				CLANG_WARN_BLOCK_CAPTURE_AUTORELEASING = YES;
				CLANG_WARN_BOOL_CONVERSION = YES;
				CLANG_WARN_COMMA = YES;
				CLANG_WARN_CONSTANT_CONVERSION = YES;
				CLANG_WARN_DEPRECATED_OBJC_IMPLEMENTATIONS = YES;
				CLANG_WARN_DIRECT_OBJC_ISA_USAGE = YES_ERROR;
				CLANG_WARN_DOCUMENTATION_COMMENTS = YES;
				CLANG_WARN_EMPTY_BODY = YES;
				CLANG_WARN_ENUM_CONVERSION = YES;
				CLANG_WARN_INFINITE_RECURSION = YES;
				CLANG_WARN_INT_CONVERSION = YES;
				CLANG_WARN_NON_LITERAL_NULL_CONVERSION = YES;
				CLANG_WARN_OBJC_IMPLICIT_RETAIN_SELF = YES;
				CLANG_WARN_OBJC_LITERAL_CONVERSION = YES;
				CLANG_WARN_OBJC_ROOT_CLASS = YES_ERROR;
				CLANG_WARN_QUOTED_INCLUDE_IN_FRAMEWORK_HEADER = YES;
				CLANG_WARN_RANGE_LOOP_ANALYSIS = YES;
				CLANG_WARN_STRICT_PROTOTYPES = YES;
				CLANG_WARN_SUSPICIOUS_MOVE = YES;
				CLANG_WARN_UNGUARDED_AVAILABILITY = YES_AGGRESSIVE;
				CLANG_WARN_UNREACHABLE_CODE = YES;
				CLANG_WARN__DUPLICATE_METHOD_MATCH = YES;
				COPY_PHASE_STRIP = NO;
				DEBUG_INFORMATION_FORMAT = dwarf;
				ENABLE_STRICT_OBJC_MSGSEND = YES;
				ENABLE_TESTABILITY = YES;
				GCC_C_LANGUAGE_STANDARD = gnu11;
				GCC_DYNAMIC_NO_PIC = NO;
				GCC_NO_COMMON_BLOCKS = YES;
				GCC_OPTIMIZATION_LEVEL = 0;
				GCC_PREPROCESSOR_DEFINITIONS = (
					"DEBUG=1",
					"$(inherited)",
				);
				GCC_WARN_64_TO_32_BIT_CONVERSION = YES;
				GCC_WARN_ABOUT_RETURN_TYPE = YES_ERROR;
				GCC_WARN_UNDECLARED_SELECTOR = YES;
				GCC_WARN_UNINITIALIZED_AUTOS = YES_AGGRESSIVE;
				GCC_WARN_UNUSED_FUNCTION = YES;
				GCC_WARN_UNUSED_VARIABLE = YES;
				IPHONEOS_DEPLOYMENT_TARGET = 15.4;
				MTL_ENABLE_DEBUG_INFO = INCLUDE_SOURCE;
				MTL_FAST_MATH = YES;
				ONLY_ACTIVE_ARCH = YES;
				SDKROOT = iphoneos;
				SWIFT_ACTIVE_COMPILATION_CONDITIONS = DEBUG;
				SWIFT_OPTIMIZATION_LEVEL = "-Onone";
			};
			name = Debug;
		};
		7EE17E10298D6611006CF871 /* Release */ = {
			isa = XCBuildConfiguration;
			buildSettings = {
				ALWAYS_SEARCH_USER_PATHS = NO;
				CLANG_ANALYZER_NONNULL = YES;
				CLANG_ANALYZER_NUMBER_OBJECT_CONVERSION = YES_AGGRESSIVE;
				CLANG_CXX_LANGUAGE_STANDARD = "gnu++17";
				CLANG_ENABLE_MODULES = YES;
				CLANG_ENABLE_OBJC_ARC = YES;
				CLANG_ENABLE_OBJC_WEAK = YES;
				CLANG_WARN_BLOCK_CAPTURE_AUTORELEASING = YES;
				CLANG_WARN_BOOL_CONVERSION = YES;
				CLANG_WARN_COMMA = YES;
				CLANG_WARN_CONSTANT_CONVERSION = YES;
				CLANG_WARN_DEPRECATED_OBJC_IMPLEMENTATIONS = YES;
				CLANG_WARN_DIRECT_OBJC_ISA_USAGE = YES_ERROR;
				CLANG_WARN_DOCUMENTATION_COMMENTS = YES;
				CLANG_WARN_EMPTY_BODY = YES;
				CLANG_WARN_ENUM_CONVERSION = YES;
				CLANG_WARN_INFINITE_RECURSION = YES;
				CLANG_WARN_INT_CONVERSION = YES;
				CLANG_WARN_NON_LITERAL_NULL_CONVERSION = YES;
				CLANG_WARN_OBJC_IMPLICIT_RETAIN_SELF = YES;
				CLANG_WARN_OBJC_LITERAL_CONVERSION = YES;
				CLANG_WARN_OBJC_ROOT_CLASS = YES_ERROR;
				CLANG_WARN_QUOTED_INCLUDE_IN_FRAMEWORK_HEADER = YES;
				CLANG_WARN_RANGE_LOOP_ANALYSIS = YES;
				CLANG_WARN_STRICT_PROTOTYPES = YES;
				CLANG_WARN_SUSPICIOUS_MOVE = YES;
				CLANG_WARN_UNGUARDED_AVAILABILITY = YES_AGGRESSIVE;
				CLANG_WARN_UNREACHABLE_CODE = YES;
				CLANG_WARN__DUPLICATE_METHOD_MATCH = YES;
				COPY_PHASE_STRIP = NO;
				DEBUG_INFORMATION_FORMAT = "dwarf-with-dsym";
				ENABLE_NS_ASSERTIONS = NO;
				ENABLE_STRICT_OBJC_MSGSEND = YES;
				GCC_C_LANGUAGE_STANDARD = gnu11;
				GCC_NO_COMMON_BLOCKS = YES;
				GCC_WARN_64_TO_32_BIT_CONVERSION = YES;
				GCC_WARN_ABOUT_RETURN_TYPE = YES_ERROR;
				GCC_WARN_UNDECLARED_SELECTOR = YES;
				GCC_WARN_UNINITIALIZED_AUTOS = YES_AGGRESSIVE;
				GCC_WARN_UNUSED_FUNCTION = YES;
				GCC_WARN_UNUSED_VARIABLE = YES;
				IPHONEOS_DEPLOYMENT_TARGET = 15.4;
				MTL_ENABLE_DEBUG_INFO = NO;
				MTL_FAST_MATH = YES;
				SDKROOT = iphoneos;
				SWIFT_COMPILATION_MODE = wholemodule;
				SWIFT_OPTIMIZATION_LEVEL = "-O";
				VALIDATE_PRODUCT = YES;
			};
			name = Release;
		};
		7EE17E12298D6611006CF871 /* Debug */ = {
			isa = XCBuildConfiguration;
			baseConfigurationReference = 437777A280964F6F9A48760F /* Pods-majorBookProject.debug.xcconfig */;
			buildSettings = {
				ASSETCATALOG_COMPILER_APPICON_NAME = AppIcon;
				ASSETCATALOG_COMPILER_GLOBAL_ACCENT_COLOR_NAME = AccentColor;
				CODE_SIGN_STYLE = Automatic;
				CURRENT_PROJECT_VERSION = 1;
				DEVELOPMENT_TEAM = 8ULG26S567;
				GENERATE_INFOPLIST_FILE = YES;
				INFOPLIST_FILE = majorBookProject/Info.plist;
				INFOPLIST_KEY_UIApplicationSupportsIndirectInputEvents = YES;
				INFOPLIST_KEY_UILaunchStoryboardName = LaunchScreen;
				INFOPLIST_KEY_UISupportedInterfaceOrientations_iPad = "UIInterfaceOrientationPortrait UIInterfaceOrientationPortraitUpsideDown UIInterfaceOrientationLandscapeLeft UIInterfaceOrientationLandscapeRight";
				INFOPLIST_KEY_UISupportedInterfaceOrientations_iPhone = "UIInterfaceOrientationPortrait UIInterfaceOrientationLandscapeLeft UIInterfaceOrientationLandscapeRight";
				LD_RUNPATH_SEARCH_PATHS = (
					"$(inherited)",
					"@executable_path/Frameworks",
				);
				MARKETING_VERSION = 1.0;
				PRODUCT_BUNDLE_IDENTIFIER = Kimminjung.majorBookProject;
				PRODUCT_NAME = "$(TARGET_NAME)";
				SWIFT_EMIT_LOC_STRINGS = YES;
				SWIFT_VERSION = 5.0;
				TARGETED_DEVICE_FAMILY = "1,2";
			};
			name = Debug;
		};
		7EE17E13298D6611006CF871 /* Release */ = {
			isa = XCBuildConfiguration;
			baseConfigurationReference = 2AA1E644AD4D6D9AAE12920F /* Pods-majorBookProject.release.xcconfig */;
			buildSettings = {
				ASSETCATALOG_COMPILER_APPICON_NAME = AppIcon;
				ASSETCATALOG_COMPILER_GLOBAL_ACCENT_COLOR_NAME = AccentColor;
				CODE_SIGN_STYLE = Automatic;
				CURRENT_PROJECT_VERSION = 1;
				DEVELOPMENT_TEAM = 8ULG26S567;
				GENERATE_INFOPLIST_FILE = YES;
				INFOPLIST_FILE = majorBookProject/Info.plist;
				INFOPLIST_KEY_UIApplicationSupportsIndirectInputEvents = YES;
				INFOPLIST_KEY_UILaunchStoryboardName = LaunchScreen;
				INFOPLIST_KEY_UISupportedInterfaceOrientations_iPad = "UIInterfaceOrientationPortrait UIInterfaceOrientationPortraitUpsideDown UIInterfaceOrientationLandscapeLeft UIInterfaceOrientationLandscapeRight";
				INFOPLIST_KEY_UISupportedInterfaceOrientations_iPhone = "UIInterfaceOrientationPortrait UIInterfaceOrientationLandscapeLeft UIInterfaceOrientationLandscapeRight";
				LD_RUNPATH_SEARCH_PATHS = (
					"$(inherited)",
					"@executable_path/Frameworks",
				);
				MARKETING_VERSION = 1.0;
				PRODUCT_BUNDLE_IDENTIFIER = Kimminjung.majorBookProject;
				PRODUCT_NAME = "$(TARGET_NAME)";
				SWIFT_EMIT_LOC_STRINGS = YES;
				SWIFT_VERSION = 5.0;
				TARGETED_DEVICE_FAMILY = "1,2";
			};
			name = Release;
		};
/* End XCBuildConfiguration section */

/* Begin XCConfigurationList section */
		7EE17DF8298D6610006CF871 /* Build configuration list for PBXProject "majorBookProject" */ = {
			isa = XCConfigurationList;
			buildConfigurations = (
				7EE17E0F298D6611006CF871 /* Debug */,
				7EE17E10298D6611006CF871 /* Release */,
			);
			defaultConfigurationIsVisible = 0;
			defaultConfigurationName = Release;
		};
		7EE17E11298D6611006CF871 /* Build configuration list for PBXNativeTarget "majorBookProject" */ = {
			isa = XCConfigurationList;
			buildConfigurations = (
				7EE17E12298D6611006CF871 /* Debug */,
				7EE17E13298D6611006CF871 /* Release */,
			);
			defaultConfigurationIsVisible = 0;
			defaultConfigurationName = Release;
		};
/* End XCConfigurationList section */
	};
	rootObject = 7EE17DF5298D6610006CF871 /* Project object */;
}
