// !$*UTF8*$!
{
	archiveVersion = 1;
	classes = {
	};
	objectVersion = 55;
	objects = {

/* Begin PBXBuildFile section */
		7415138ED9BED601FC7332A6 /* Pods_majorBookProject.framework in Frameworks */ = {isa = PBXBuildFile; fileRef = 19FFC2119576CBD7C26D4699 /* Pods_majorBookProject.framework */; };
		7EE17E01298D6610006CF871 /* AppDelegate.swift in Sources */ = {isa = PBXBuildFile; fileRef = 7EE17E00298D6610006CF871 /* AppDelegate.swift */; };
		7EE17E03298D6610006CF871 /* SceneDelegate.swift in Sources */ = {isa = PBXBuildFile; fileRef = 7EE17E02298D6610006CF871 /* SceneDelegate.swift */; };
		7EE17E08298D6610006CF871 /* Main.storyboard in Resources */ = {isa = PBXBuildFile; fileRef = 7EE17E06298D6610006CF871 /* Main.storyboard */; };
		7EE17E0A298D6611006CF871 /* Assets.xcassets in Resources */ = {isa = PBXBuildFile; fileRef = 7EE17E09298D6611006CF871 /* Assets.xcassets */; };
		7EE17E0D298D6611006CF871 /* LaunchScreen.storyboard in Resources */ = {isa = PBXBuildFile; fileRef = 7EE17E0B298D6611006CF871 /* LaunchScreen.storyboard */; };
		7EE17E17298D6659006CF871 /* previewExtension.swift in Sources */ = {isa = PBXBuildFile; fileRef = 7EE17E16298D6659006CF871 /* previewExtension.swift */; };
		7EE17E19298D666A006CF871 /* LoginVC.swift in Sources */ = {isa = PBXBuildFile; fileRef = 7EE17E18298D666A006CF871 /* LoginVC.swift */; };
		7EE17E1B298D667C006CF871 /* MainVC.swift in Sources */ = {isa = PBXBuildFile; fileRef = 7EE17E1A298D667C006CF871 /* MainVC.swift */; };
/* End PBXBuildFile section */

/* Begin PBXFileReference section */
		19FFC2119576CBD7C26D4699 /* Pods_majorBookProject.framework */ = {isa = PBXFileReference; explicitFileType = wrapper.framework; includeInIndex = 0; name = Pods_majorBookProject.framework; path = "../../../../../../../../git/iOS_major_book_project/majorBookProject/Pods/Target Support Files/Pods-majorBookProject/Pods_majorBookProject.framework"; sourceTree = BUILT_PRODUCTS_DIR; };
		7EE17DFD298D6610006CF871 /* majorBookProject.app */ = {isa = PBXFileReference; explicitFileType = wrapper.application; includeInIndex = 0; path = majorBookProject.app; sourceTree = BUILT_PRODUCTS_DIR; };
		7EE17E00298D6610006CF871 /* AppDelegate.swift */ = {isa = PBXFileReference; lastKnownFileType = sourcecode.swift; path = AppDelegate.swift; sourceTree = "<group>"; };
		7EE17E02298D6610006CF871 /* SceneDelegate.swift */ = {isa = PBXFileReference; lastKnownFileType = sourcecode.swift; path = SceneDelegate.swift; sourceTree = "<group>"; };
		7EE17E07298D6610006CF871 /* Base */ = {isa = PBXFileReference; lastKnownFileType = file.storyboard; name = Base; path = Base.lproj/Main.storyboard; sourceTree = "<group>"; };
		7EE17E09298D6611006CF871 /* Assets.xcassets */ = {isa = PBXFileReference; lastKnownFileType = folder.assetcatalog; path = Assets.xcassets; sourceTree = "<group>"; };
		7EE17E0C298D6611006CF871 /* Base */ = {isa = PBXFileReference; lastKnownFileType = file.storyboard; name = Base; path = Base.lproj/LaunchScreen.storyboard; sourceTree = "<group>"; };
		7EE17E0E298D6611006CF871 /* Info.plist */ = {isa = PBXFileReference; lastKnownFileType = text.plist.xml; path = Info.plist; sourceTree = "<group>"; };
		7EE17E16298D6659006CF871 /* previewExtension.swift */ = {isa = PBXFileReference; lastKnownFileType = sourcecode.swift; path = previewExtension.swift; sourceTree = "<group>"; };
		7EE17E18298D666A006CF871 /* LoginVC.swift */ = {isa = PBXFileReference; lastKnownFileType = sourcecode.swift; path = LoginVC.swift; sourceTree = "<group>"; };
		7EE17E1A298D667C006CF871 /* MainVC.swift */ = {isa = PBXFileReference; lastKnownFileType = sourcecode.swift; path = MainVC.swift; sourceTree = "<group>"; };
		9ACA4A35080527EC30418EA0 /* Pods-majorBookProject.release.xcconfig */ = {isa = PBXFileReference; includeInIndex = 1; lastKnownFileType = text.xcconfig; name = "Pods-majorBookProject.release.xcconfig"; path = "Target Support Files/Pods-majorBookProject/Pods-majorBookProject.release.xcconfig"; sourceTree = "<group>"; };
		9E3353197E4FBB30DE6D91C9 /* Pods-majorBookProject.debug.xcconfig */ = {isa = PBXFileReference; includeInIndex = 1; lastKnownFileType = text.xcconfig; name = "Pods-majorBookProject.debug.xcconfig"; path = "Target Support Files/Pods-majorBookProject/Pods-majorBookProject.debug.xcconfig"; sourceTree = "<group>"; };
/* End PBXFileReference section */

/* Begin PBXFrameworksBuildPhase section */
		7EE17DFA298D6610006CF871 /* Frameworks */ = {
			isa = PBXFrameworksBuildPhase;
			buildActionMask = 2147483647;
			files = (
				7415138ED9BED601FC7332A6 /* Pods_majorBookProject.framework in Frameworks */,
			);
			runOnlyForDeploymentPostprocessing = 0;
		};
/* End PBXFrameworksBuildPhase section */

/* Begin PBXGroup section */
		74967EEB8A4D853866DC855D /* Pods */ = {
			isa = PBXGroup;
			children = (
				9E3353197E4FBB30DE6D91C9 /* Pods-majorBookProject.debug.xcconfig */,
				9ACA4A35080527EC30418EA0 /* Pods-majorBookProject.release.xcconfig */,
			);
			path = Pods;
			sourceTree = "<group>";
		};
		7EE17DF4298D6610006CF871 = {
			isa = PBXGroup;
			children = (
				7EE17DFF298D6610006CF871 /* majorBookProject */,
				7EE17DFE298D6610006CF871 /* Products */,
				74967EEB8A4D853866DC855D /* Pods */,
				A14E7D9B9709A284F169D8BB /* Frameworks */,
			);
			sourceTree = "<group>";
		};
		7EE17DFE298D6610006CF871 /* Products */ = {
			isa = PBXGroup;
			children = (
				7EE17DFD298D6610006CF871 /* majorBookProject.app */,
			);
			name = Products;
			sourceTree = "<group>";
		};
		7EE17DFF298D6610006CF871 /* majorBookProject */ = {
			isa = PBXGroup;
			children = (
				7EE17E15298D664A006CF871 /* Extension */,
				7EE17E14298D6645006CF871 /* VC */,
				7EE17E00298D6610006CF871 /* AppDelegate.swift */,
				7EE17E02298D6610006CF871 /* SceneDelegate.swift */,
				7EE17E06298D6610006CF871 /* Main.storyboard */,
				7EE17E09298D6611006CF871 /* Assets.xcassets */,
				7EE17E0B298D6611006CF871 /* LaunchScreen.storyboard */,
				7EE17E0E298D6611006CF871 /* Info.plist */,
			);
			path = majorBookProject;
			sourceTree = "<group>";
		};
		7EE17E14298D6645006CF871 /* VC */ = {
			isa = PBXGroup;
			children = (
				7EE17E18298D666A006CF871 /* LoginVC.swift */,
				7EE17E1A298D667C006CF871 /* MainVC.swift */,
			);
			path = VC;
			sourceTree = "<group>";
		};
		7EE17E15298D664A006CF871 /* Extension */ = {
			isa = PBXGroup;
			children = (
				7EE17E16298D6659006CF871 /* previewExtension.swift */,
			);
			path = Extension;
			sourceTree = "<group>";
		};
		A14E7D9B9709A284F169D8BB /* Frameworks */ = {
			isa = PBXGroup;
			children = (
				19FFC2119576CBD7C26D4699 /* Pods_majorBookProject.framework */,
			);
			name = Frameworks;
			sourceTree = "<group>";
		};
/* End PBXGroup section */

/* Begin PBXNativeTarget section */
		7EE17DFC298D6610006CF871 /* majorBookProject */ = {
			isa = PBXNativeTarget;
			buildConfigurationList = 7EE17E11298D6611006CF871 /* Build configuration list for PBXNativeTarget "majorBookProject" */;
			buildPhases = (
				1479A9551EC06B5BF910492E /* [CP] Check Pods Manifest.lock */,
				7EE17DF9298D6610006CF871 /* Sources */,
				7EE17DFA298D6610006CF871 /* Frameworks */,
				7EE17DFB298D6610006CF871 /* Resources */,
				312D6BA0D776541B8E686F20 /* [CP] Embed Pods Frameworks */,
			);
			buildRules = (
			);
			dependencies = (
			);
			name = majorBookProject;
			productName = majorBookProject;
			productReference = 7EE17DFD298D6610006CF871 /* majorBookProject.app */;
			productType = "com.apple.product-type.application";
		};
/* End PBXNativeTarget section */

/* Begin PBXProject section */
		7EE17DF5298D6610006CF871 /* Project object */ = {
			isa = PBXProject;
			attributes = {
				BuildIndependentTargetsInParallel = 1;
				LastSwiftUpdateCheck = 1330;
				LastUpgradeCheck = 1330;
				TargetAttributes = {
					7EE17DFC298D6610006CF871 = {
						CreatedOnToolsVersion = 13.3.1;
					};
				};
			};
			buildConfigurationList = 7EE17DF8298D6610006CF871 /* Build configuration list for PBXProject "majorBookProject" */;
			compatibilityVersion = "Xcode 13.0";
			developmentRegion = en;
			hasScannedForEncodings = 0;
			knownRegions = (
				en,
				Base,
			);
			mainGroup = 7EE17DF4298D6610006CF871;
			productRefGroup = 7EE17DFE298D6610006CF871 /* Products */;
			projectDirPath = "";
			projectRoot = "";
			targets = (
				7EE17DFC298D6610006CF871 /* majorBookProject */,
			);
		};
/* End PBXProject section */

/* Begin PBXResourcesBuildPhase section */
		7EE17DFB298D6610006CF871 /* Resources */ = {
			isa = PBXResourcesBuildPhase;
			buildActionMask = 2147483647;
			files = (
				7EE17E0D298D6611006CF871 /* LaunchScreen.storyboard in Resources */,
				7EE17E0A298D6611006CF871 /* Assets.xcassets in Resources */,
				7EE17E08298D6610006CF871 /* Main.storyboard in Resources */,
			);
			runOnlyForDeploymentPostprocessing = 0;
		};
/* End PBXResourcesBuildPhase section */

/* Begin PBXShellScriptBuildPhase section */
		1479A9551EC06B5BF910492E /* [CP] Check Pods Manifest.lock */ = {
			isa = PBXShellScriptBuildPhase;
			buildActionMask = 2147483647;
			files = (
			);
			inputFileListPaths = (
			);
			inputPaths = (
				"${PODS_PODFILE_DIR_PATH}/Podfile.lock",
				"${PODS_ROOT}/Manifest.lock",
			);
			name = "[CP] Check Pods Manifest.lock";
			outputFileListPaths = (
			);
			outputPaths = (
				"$(DERIVED_FILE_DIR)/Pods-majorBookProject-checkManifestLockResult.txt",
			);
			runOnlyForDeploymentPostprocessing = 0;
			shellPath = /bin/sh;
			shellScript = "diff \"${PODS_PODFILE_DIR_PATH}/Podfile.lock\" \"${PODS_ROOT}/Manifest.lock\" > /dev/null\nif [ $? != 0 ] ; then\n    # print error to STDERR\n    echo \"error: The sandbox is not in sync with the Podfile.lock. Run 'pod install' or update your CocoaPods installation.\" >&2\n    exit 1\nfi\n# This output is used by Xcode 'outputs' to avoid re-running this script phase.\necho \"SUCCESS\" > \"${SCRIPT_OUTPUT_FILE_0}\"\n";
			showEnvVarsInLog = 0;
		};
		312D6BA0D776541B8E686F20 /* [CP] Embed Pods Frameworks */ = {
			isa = PBXShellScriptBuildPhase;
			buildActionMask = 2147483647;
			files = (
			);
			inputFileListPaths = (
				"${PODS_ROOT}/Target Support Files/Pods-majorBookProject/Pods-majorBookProject-frameworks-${CONFIGURATION}-input-files.xcfilelist",
			);
			name = "[CP] Embed Pods Frameworks";
			outputFileListPaths = (
				"${PODS_ROOT}/Target Support Files/Pods-majorBookProject/Pods-majorBookProject-frameworks-${CONFIGURATION}-output-files.xcfilelist",
			);
			runOnlyForDeploymentPostprocessing = 0;
			shellPath = /bin/sh;
			shellScript = "\"${PODS_ROOT}/Target Support Files/Pods-majorBookProject/Pods-majorBookProject-frameworks.sh\"\n";
			showEnvVarsInLog = 0;
		};
/* End PBXShellScriptBuildPhase section */

/* Begin PBXSourcesBuildPhase section */
		7EE17DF9298D6610006CF871 /* Sources */ = {
			isa = PBXSourcesBuildPhase;
			buildActionMask = 2147483647;
			files = (
				7EE17E01298D6610006CF871 /* AppDelegate.swift in Sources */,
				7EE17E1B298D667C006CF871 /* MainVC.swift in Sources */,
				7EE17E03298D6610006CF871 /* SceneDelegate.swift in Sources */,
				7EE17E19298D666A006CF871 /* LoginVC.swift in Sources */,
				7EE17E17298D6659006CF871 /* previewExtension.swift in Sources */,
			);
			runOnlyForDeploymentPostprocessing = 0;
		};
/* End PBXSourcesBuildPhase section */

/* Begin PBXVariantGroup section */
		7EE17E06298D6610006CF871 /* Main.storyboard */ = {
			isa = PBXVariantGroup;
			children = (
				7EE17E07298D6610006CF871 /* Base */,
			);
			name = Main.storyboard;
			sourceTree = "<group>";
		};
		7EE17E0B298D6611006CF871 /* LaunchScreen.storyboard */ = {
			isa = PBXVariantGroup;
			children = (
				7EE17E0C298D6611006CF871 /* Base */,
			);
			name = LaunchScreen.storyboard;
			sourceTree = "<group>";
		};
/* End PBXVariantGroup section */

/* Begin XCBuildConfiguration section */
		7EE17E0F298D6611006CF871 /* Debug */ = {
			isa = XCBuildConfiguration;
			buildSettings = {
				ALWAYS_SEARCH_USER_PATHS = NO;
				CLANG_ANALYZER_NONNULL = YES;
				CLANG_ANALYZER_NUMBER_OBJECT_CONVERSION = YES_AGGRESSIVE;
				CLANG_CXX_LANGUAGE_STANDARD = "gnu++17";
				CLANG_ENABLE_MODULES = YES;
				CLANG_ENABLE_OBJC_ARC = YES;
				CLANG_ENABLE_OBJC_WEAK = YES;
				CLANG_WARN_BLOCK_CAPTURE_AUTORELEASING = YES;
				CLANG_WARN_BOOL_CONVERSION = YES;
				CLANG_WARN_COMMA = YES;
				CLANG_WARN_CONSTANT_CONVERSION = YES;
				CLANG_WARN_DEPRECATED_OBJC_IMPLEMENTATIONS = YES;
				CLANG_WARN_DIRECT_OBJC_ISA_USAGE = YES_ERROR;
				CLANG_WARN_DOCUMENTATION_COMMENTS = YES;
				CLANG_WARN_EMPTY_BODY = YES;
				CLANG_WARN_ENUM_CONVERSION = YES;
				CLANG_WARN_INFINITE_RECURSION = YES;
				CLANG_WARN_INT_CONVERSION = YES;
				CLANG_WARN_NON_LITERAL_NULL_CONVERSION = YES;
				CLANG_WARN_OBJC_IMPLICIT_RETAIN_SELF = YES;
				CLANG_WARN_OBJC_LITERAL_CONVERSION = YES;
				CLANG_WARN_OBJC_ROOT_CLASS = YES_ERROR;
				CLANG_WARN_QUOTED_INCLUDE_IN_FRAMEWORK_HEADER = YES;
				CLANG_WARN_RANGE_LOOP_ANALYSIS = YES;
				CLANG_WARN_STRICT_PROTOTYPES = YES;
				CLANG_WARN_SUSPICIOUS_MOVE = YES;
				CLANG_WARN_UNGUARDED_AVAILABILITY = YES_AGGRESSIVE;
				CLANG_WARN_UNREACHABLE_CODE = YES;
				CLANG_WARN__DUPLICATE_METHOD_MATCH = YES;
				COPY_PHASE_STRIP = NO;
				DEBUG_INFORMATION_FORMAT = dwarf;
				ENABLE_STRICT_OBJC_MSGSEND = YES;
				ENABLE_TESTABILITY = YES;
				GCC_C_LANGUAGE_STANDARD = gnu11;
				GCC_DYNAMIC_NO_PIC = NO;
				GCC_NO_COMMON_BLOCKS = YES;
				GCC_OPTIMIZATION_LEVEL = 0;
				GCC_PREPROCESSOR_DEFINITIONS = (
					"DEBUG=1",
					"$(inherited)",
				);
				GCC_WARN_64_TO_32_BIT_CONVERSION = YES;
				GCC_WARN_ABOUT_RETURN_TYPE = YES_ERROR;
				GCC_WARN_UNDECLARED_SELECTOR = YES;
				GCC_WARN_UNINITIALIZED_AUTOS = YES_AGGRESSIVE;
				GCC_WARN_UNUSED_FUNCTION = YES;
				GCC_WARN_UNUSED_VARIABLE = YES;
				IPHONEOS_DEPLOYMENT_TARGET = 15.4;
				MTL_ENABLE_DEBUG_INFO = INCLUDE_SOURCE;
				MTL_FAST_MATH = YES;
				ONLY_ACTIVE_ARCH = YES;
				SDKROOT = iphoneos;
				SWIFT_ACTIVE_COMPILATION_CONDITIONS = DEBUG;
				SWIFT_OPTIMIZATION_LEVEL = "-Onone";
			};
			name = Debug;
		};
		7EE17E10298D6611006CF871 /* Release */ = {
			isa = XCBuildConfiguration;
			buildSettings = {
				ALWAYS_SEARCH_USER_PATHS = NO;
				CLANG_ANALYZER_NONNULL = YES;
				CLANG_ANALYZER_NUMBER_OBJECT_CONVERSION = YES_AGGRESSIVE;
				CLANG_CXX_LANGUAGE_STANDARD = "gnu++17";
				CLANG_ENABLE_MODULES = YES;
				CLANG_ENABLE_OBJC_ARC = YES;
				CLANG_ENABLE_OBJC_WEAK = YES;
				CLANG_WARN_BLOCK_CAPTURE_AUTORELEASING = YES;
				CLANG_WARN_BOOL_CONVERSION = YES;
				CLANG_WARN_COMMA = YES;
				CLANG_WARN_CONSTANT_CONVERSION = YES;
				CLANG_WARN_DEPRECATED_OBJC_IMPLEMENTATIONS = YES;
				CLANG_WARN_DIRECT_OBJC_ISA_USAGE = YES_ERROR;
				CLANG_WARN_DOCUMENTATION_COMMENTS = YES;
				CLANG_WARN_EMPTY_BODY = YES;
				CLANG_WARN_ENUM_CONVERSION = YES;
				CLANG_WARN_INFINITE_RECURSION = YES;
				CLANG_WARN_INT_CONVERSION = YES;
				CLANG_WARN_NON_LITERAL_NULL_CONVERSION = YES;
				CLANG_WARN_OBJC_IMPLICIT_RETAIN_SELF = YES;
				CLANG_WARN_OBJC_LITERAL_CONVERSION = YES;
				CLANG_WARN_OBJC_ROOT_CLASS = YES_ERROR;
				CLANG_WARN_QUOTED_INCLUDE_IN_FRAMEWORK_HEADER = YES;
				CLANG_WARN_RANGE_LOOP_ANALYSIS = YES;
				CLANG_WARN_STRICT_PROTOTYPES = YES;
				CLANG_WARN_SUSPICIOUS_MOVE = YES;
				CLANG_WARN_UNGUARDED_AVAILABILITY = YES_AGGRESSIVE;
				CLANG_WARN_UNREACHABLE_CODE = YES;
				CLANG_WARN__DUPLICATE_METHOD_MATCH = YES;
				COPY_PHASE_STRIP = NO;
				DEBUG_INFORMATION_FORMAT = "dwarf-with-dsym";
				ENABLE_NS_ASSERTIONS = NO;
				ENABLE_STRICT_OBJC_MSGSEND = YES;
				GCC_C_LANGUAGE_STANDARD = gnu11;
				GCC_NO_COMMON_BLOCKS = YES;
				GCC_WARN_64_TO_32_BIT_CONVERSION = YES;
				GCC_WARN_ABOUT_RETURN_TYPE = YES_ERROR;
				GCC_WARN_UNDECLARED_SELECTOR = YES;
				GCC_WARN_UNINITIALIZED_AUTOS = YES_AGGRESSIVE;
				GCC_WARN_UNUSED_FUNCTION = YES;
				GCC_WARN_UNUSED_VARIABLE = YES;
				IPHONEOS_DEPLOYMENT_TARGET = 15.4;
				MTL_ENABLE_DEBUG_INFO = NO;
				MTL_FAST_MATH = YES;
				SDKROOT = iphoneos;
				SWIFT_COMPILATION_MODE = wholemodule;
				SWIFT_OPTIMIZATION_LEVEL = "-O";
				VALIDATE_PRODUCT = YES;
			};
			name = Release;
		};
		7EE17E12298D6611006CF871 /* Debug */ = {
			isa = XCBuildConfiguration;
			baseConfigurationReference = 9E3353197E4FBB30DE6D91C9 /* Pods-majorBookProject.debug.xcconfig */;
			buildSettings = {
				ASSETCATALOG_COMPILER_APPICON_NAME = AppIcon;
				ASSETCATALOG_COMPILER_GLOBAL_ACCENT_COLOR_NAME = AccentColor;
				CODE_SIGN_STYLE = Automatic;
				CURRENT_PROJECT_VERSION = 1;
				DEVELOPMENT_TEAM = 8ULG26S567;
				GENERATE_INFOPLIST_FILE = YES;
				INFOPLIST_FILE = majorBookProject/Info.plist;
				INFOPLIST_KEY_UIApplicationSupportsIndirectInputEvents = YES;
				INFOPLIST_KEY_UILaunchStoryboardName = LaunchScreen;
				INFOPLIST_KEY_UIMainStoryboardFile = Main;
				INFOPLIST_KEY_UISupportedInterfaceOrientations_iPad = "UIInterfaceOrientationPortrait UIInterfaceOrientationPortraitUpsideDown UIInterfaceOrientationLandscapeLeft UIInterfaceOrientationLandscapeRight";
				INFOPLIST_KEY_UISupportedInterfaceOrientations_iPhone = "UIInterfaceOrientationPortrait UIInterfaceOrientationLandscapeLeft UIInterfaceOrientationLandscapeRight";
				LD_RUNPATH_SEARCH_PATHS = (
					"$(inherited)",
					"@executable_path/Frameworks",
				);
				MARKETING_VERSION = 1.0;
				PRODUCT_BUNDLE_IDENTIFIER = Kimminjung.majorBookProject;
				PRODUCT_NAME = "$(TARGET_NAME)";
				SWIFT_EMIT_LOC_STRINGS = YES;
				SWIFT_VERSION = 5.0;
				TARGETED_DEVICE_FAMILY = "1,2";
			};
			name = Debug;
		};
		7EE17E13298D6611006CF871 /* Release */ = {
			isa = XCBuildConfiguration;
			baseConfigurationReference = 9ACA4A35080527EC30418EA0 /* Pods-majorBookProject.release.xcconfig */;
			buildSettings = {
				ASSETCATALOG_COMPILER_APPICON_NAME = AppIcon;
				ASSETCATALOG_COMPILER_GLOBAL_ACCENT_COLOR_NAME = AccentColor;
				CODE_SIGN_STYLE = Automatic;
				CURRENT_PROJECT_VERSION = 1;
				DEVELOPMENT_TEAM = 8ULG26S567;
				GENERATE_INFOPLIST_FILE = YES;
				INFOPLIST_FILE = majorBookProject/Info.plist;
				INFOPLIST_KEY_UIApplicationSupportsIndirectInputEvents = YES;
				INFOPLIST_KEY_UILaunchStoryboardName = LaunchScreen;
				INFOPLIST_KEY_UIMainStoryboardFile = Main;
				INFOPLIST_KEY_UISupportedInterfaceOrientations_iPad = "UIInterfaceOrientationPortrait UIInterfaceOrientationPortraitUpsideDown UIInterfaceOrientationLandscapeLeft UIInterfaceOrientationLandscapeRight";
				INFOPLIST_KEY_UISupportedInterfaceOrientations_iPhone = "UIInterfaceOrientationPortrait UIInterfaceOrientationLandscapeLeft UIInterfaceOrientationLandscapeRight";
				LD_RUNPATH_SEARCH_PATHS = (
					"$(inherited)",
					"@executable_path/Frameworks",
				);
				MARKETING_VERSION = 1.0;
				PRODUCT_BUNDLE_IDENTIFIER = Kimminjung.majorBookProject;
				PRODUCT_NAME = "$(TARGET_NAME)";
				SWIFT_EMIT_LOC_STRINGS = YES;
				SWIFT_VERSION = 5.0;
				TARGETED_DEVICE_FAMILY = "1,2";
			};
			name = Release;
		};
/* End XCBuildConfiguration section */

/* Begin XCConfigurationList section */
		7EE17DF8298D6610006CF871 /* Build configuration list for PBXProject "majorBookProject" */ = {
			isa = XCConfigurationList;
			buildConfigurations = (
				7EE17E0F298D6611006CF871 /* Debug */,
				7EE17E10298D6611006CF871 /* Release */,
			);
			defaultConfigurationIsVisible = 0;
			defaultConfigurationName = Release;
		};
		7EE17E11298D6611006CF871 /* Build configuration list for PBXNativeTarget "majorBookProject" */ = {
			isa = XCConfigurationList;
			buildConfigurations = (
				7EE17E12298D6611006CF871 /* Debug */,
				7EE17E13298D6611006CF871 /* Release */,
			);
			defaultConfigurationIsVisible = 0;
			defaultConfigurationName = Release;
		};
/* End XCConfigurationList section */
	};
	rootObject = 7EE17DF5298D6610006CF871 /* Project object */;
}
